<Solution>
  <Project Path="Hospital.Console/Hospital.Console.csproj">
    <BuildDependency Project="Hospital.Model/Hospital.Model.csproj" />
  </Project>
  <Project Path="Hospital.Model/Hospital.Model.csproj" />
  <Project Path="Hospital.WinForms/Hospital.WinForms.csproj">
    <BuildDependency Project="Hospital.Model/Hospital.Model.csproj" />
  </Project>
</Solution>
